// !$*UTF8*$!
{
	archiveVersion = 1;
	classes = {
	};
	objectVersion = 56;
	objects = {

/* Begin PBXBuildFile section */
		090475A12A61E30C00A4E23D /* GetComicsUC.swift in Sources */ = {isa = PBXBuildFile; fileRef = 090475A02A61E30C00A4E23D /* GetComicsUC.swift */; };
		090475A32A61E48100A4E23D /* ComicModel+DomainMapper.swift in Sources */ = {isa = PBXBuildFile; fileRef = 090475A22A61E48100A4E23D /* ComicModel+DomainMapper.swift */; };
		090475A52A61E51500A4E23D /* ComicsRequest.swift in Sources */ = {isa = PBXBuildFile; fileRef = 090475A42A61E51500A4E23D /* ComicsRequest.swift */; };
		090475A72A61E67700A4E23D /* ComicsDataSource.swift in Sources */ = {isa = PBXBuildFile; fileRef = 090475A62A61E67700A4E23D /* ComicsDataSource.swift */; };
		090475A92A61E76300A4E23D /* DefaultComicsRepository.swift in Sources */ = {isa = PBXBuildFile; fileRef = 090475A82A61E76300A4E23D /* DefaultComicsRepository.swift */; };
		090475AC2A61E88C00A4E23D /* CharacterProfileViewModel.swift in Sources */ = {isa = PBXBuildFile; fileRef = 090475AB2A61E88C00A4E23D /* CharacterProfileViewModel.swift */; };
		09081BD22A61C41D003AF407 /* CharacterProfileView.swift in Sources */ = {isa = PBXBuildFile; fileRef = 09081BD12A61C41D003AF407 /* CharacterProfileView.swift */; };
		09081BD42A61C672003AF407 /* UIScreen+ScreenSize.swift in Sources */ = {isa = PBXBuildFile; fileRef = 09081BD32A61C672003AF407 /* UIScreen+ScreenSize.swift */; };
		09081BD62A61D580003AF407 /* UINavigationController+UIGestureRecognizerDelegate.swift in Sources */ = {isa = PBXBuildFile; fileRef = 09081BD52A61D580003AF407 /* UINavigationController+UIGestureRecognizerDelegate.swift */; };
		09081BD82A61E18E003AF407 /* ComicModel.swift in Sources */ = {isa = PBXBuildFile; fileRef = 09081BD72A61E18E003AF407 /* ComicModel.swift */; };
		09081BDA2A61E217003AF407 /* ComicsRepository.swift in Sources */ = {isa = PBXBuildFile; fileRef = 09081BD92A61E217003AF407 /* ComicsRepository.swift */; };
		09081BDC2A61E250003AF407 /* Comic.swift in Sources */ = {isa = PBXBuildFile; fileRef = 09081BDB2A61E250003AF407 /* Comic.swift */; };
		091BF24C2AA33DA800B783F1 /* SwiftyMarvel.xcdatamodeld in Sources */ = {isa = PBXBuildFile; fileRef = 091BF24A2AA33DA800B783F1 /* SwiftyMarvel.xcdatamodeld */; };
		091BF24E2AA341C900B783F1 /* CharacterEntity+DomainMappers.swift in Sources */ = {isa = PBXBuildFile; fileRef = 091BF24D2AA341C900B783F1 /* CharacterEntity+DomainMappers.swift */; };
		091BF2542AA347E900B783F1 /* CoreDataMapper.swift in Sources */ = {isa = PBXBuildFile; fileRef = 091BF2532AA347E900B783F1 /* CoreDataMapper.swift */; };
		091BF2562AA34A1D00B783F1 /* FavoritesRepository.swift in Sources */ = {isa = PBXBuildFile; fileRef = 091BF2552AA34A1D00B783F1 /* FavoritesRepository.swift */; };
		091BF2582AA3538800B783F1 /* ToggleFavoriteUC.swift in Sources */ = {isa = PBXBuildFile; fileRef = 091BF2572AA3538800B783F1 /* ToggleFavoriteUC.swift */; };
		091BF25A2AA353D500B783F1 /* CheckFavoriteUC.swift in Sources */ = {isa = PBXBuildFile; fileRef = 091BF2592AA353D500B783F1 /* CheckFavoriteUC.swift */; };
		091BF25C2AA3540800B783F1 /* DefaultFavoritesRepository.swift in Sources */ = {isa = PBXBuildFile; fileRef = 091BF25B2AA3540800B783F1 /* DefaultFavoritesRepository.swift */; };
		091BF25F2AA3A26200B783F1 /* ContainerView.swift in Sources */ = {isa = PBXBuildFile; fileRef = 091BF25E2AA3A26200B783F1 /* ContainerView.swift */; };
		091BF2652AA3A54D00B783F1 /* FavoritesView.swift in Sources */ = {isa = PBXBuildFile; fileRef = 091BF2642AA3A54D00B783F1 /* FavoritesView.swift */; };
		091BF2672AA3A6D900B783F1 /* FavoritesViewModel.swift in Sources */ = {isa = PBXBuildFile; fileRef = 091BF2662AA3A6D900B783F1 /* FavoritesViewModel.swift */; };
		091BF2692AA3D02A00B783F1 /* DefaultFavoritesRepositoryTests.swift in Sources */ = {isa = PBXBuildFile; fileRef = 091BF2682AA3D02A00B783F1 /* DefaultFavoritesRepositoryTests.swift */; };
		092917792A6BE7FE00E3FEE5 /* Localizable.strings in Resources */ = {isa = PBXBuildFile; fileRef = 0929177B2A6BE7FE00E3FEE5 /* Localizable.strings */; };
		0929177E2A6BEB8900E3FEE5 /* String+Localization.swift in Sources */ = {isa = PBXBuildFile; fileRef = 0929177D2A6BEB8900E3FEE5 /* String+Localization.swift */; };
		092E58BF2A651337005AC237 /* CharacterProfileViewModelTests.swift in Sources */ = {isa = PBXBuildFile; fileRef = 092E58BE2A651337005AC237 /* CharacterProfileViewModelTests.swift */; };
		0937EBA72A5EB65C006A78FC /* Mockingbird in Frameworks */ = {isa = PBXBuildFile; productRef = 0937EBA62A5EB65C006A78FC /* Mockingbird */; };
		095948582A58751100C91E83 /* BaseResponse.swift in Sources */ = {isa = PBXBuildFile; fileRef = 095948572A58751100C91E83 /* BaseResponse.swift */; };
		0959485A2A58756000C91E83 /* BaseResponseModel.swift in Sources */ = {isa = PBXBuildFile; fileRef = 095948592A58756000C91E83 /* BaseResponseModel.swift */; };
		0959485C2A58759300C91E83 /* CharacterModel.swift in Sources */ = {isa = PBXBuildFile; fileRef = 0959485B2A58759300C91E83 /* CharacterModel.swift */; };
		095948602A5879B400C91E83 /* CharacterModel+DomainMapper.swift in Sources */ = {isa = PBXBuildFile; fileRef = 0959485F2A5879B400C91E83 /* CharacterModel+DomainMapper.swift */; };
		095948622A5879D200C91E83 /* Character.swift in Sources */ = {isa = PBXBuildFile; fileRef = 095948612A5879D200C91E83 /* Character.swift */; };
		095948642A587A2600C91E83 /* DomainMapper.swift in Sources */ = {isa = PBXBuildFile; fileRef = 095948632A587A2600C91E83 /* DomainMapper.swift */; };
		095948682A5887AB00C91E83 /* AppError.swift in Sources */ = {isa = PBXBuildFile; fileRef = 095948672A5887AB00C91E83 /* AppError.swift */; };
		0959486A2A5888A400C91E83 /* GetCharactersUC.swift in Sources */ = {isa = PBXBuildFile; fileRef = 095948692A5888A400C91E83 /* GetCharactersUC.swift */; };
		0959486D2A58894100C91E83 /* PaginatedResponseModel.swift in Sources */ = {isa = PBXBuildFile; fileRef = 0959486C2A58894100C91E83 /* PaginatedResponseModel.swift */; };
		0959486F2A58899100C91E83 /* PaginatedResponseModel+DomainMapper.swift in Sources */ = {isa = PBXBuildFile; fileRef = 0959486E2A58899100C91E83 /* PaginatedResponseModel+DomainMapper.swift */; };
		095948712A588A1B00C91E83 /* PaginatedResponse.swift in Sources */ = {isa = PBXBuildFile; fileRef = 095948702A588A1B00C91E83 /* PaginatedResponse.swift */; };
		095948732A588CF500C91E83 /* CharactersRepository.swift in Sources */ = {isa = PBXBuildFile; fileRef = 095948722A588CF500C91E83 /* CharactersRepository.swift */; };
		095948762A58911000C91E83 /* APIConstants.swift in Sources */ = {isa = PBXBuildFile; fileRef = 095948752A58911000C91E83 /* APIConstants.swift */; };
		095948802A58985A00C91E83 /* Resolver.swift in Sources */ = {isa = PBXBuildFile; fileRef = 0959487F2A58985A00C91E83 /* Resolver.swift */; };
		095948852A58A3C500C91E83 /* Swinject in Frameworks */ = {isa = PBXBuildFile; productRef = 095948842A58A3C500C91E83 /* Swinject */; };
		097AFE1A2A61EF11002B94F6 /* ComicItemView.swift in Sources */ = {isa = PBXBuildFile; fileRef = 097AFE192A61EF11002B94F6 /* ComicItemView.swift */; };
		097AFE1C2A61EFCC002B94F6 /* CachedImageView.swift in Sources */ = {isa = PBXBuildFile; fileRef = 097AFE1B2A61EFCC002B94F6 /* CachedImageView.swift */; };
		097AFE1F2A61F961002B94F6 /* GetCharactersUCTests.swift in Sources */ = {isa = PBXBuildFile; fileRef = 097AFE1E2A61F961002B94F6 /* GetCharactersUCTests.swift */; };
		097AFE222A61FC9B002B94F6 /* DefaultCharactersRepositoryTests.swift in Sources */ = {isa = PBXBuildFile; fileRef = 097AFE212A61FC9B002B94F6 /* DefaultCharactersRepositoryTests.swift */; };
		098B70EF2A5B5BC9004D5F52 /* MessageView.swift in Sources */ = {isa = PBXBuildFile; fileRef = 098B70EE2A5B5BC9004D5F52 /* MessageView.swift */; };
		098B70F12A5B5DA2004D5F52 /* BaseStateView.swift in Sources */ = {isa = PBXBuildFile; fileRef = 098B70F02A5B5DA2004D5F52 /* BaseStateView.swift */; };
		0990B0762A5571FC00CB8CF5 /* SwiftyMarvelApp.swift in Sources */ = {isa = PBXBuildFile; fileRef = 0990B0752A5571FC00CB8CF5 /* SwiftyMarvelApp.swift */; };
		0990B07A2A5571FD00CB8CF5 /* Assets.xcassets in Resources */ = {isa = PBXBuildFile; fileRef = 0990B0792A5571FD00CB8CF5 /* Assets.xcassets */; };
		0990B07D2A5571FD00CB8CF5 /* Preview Assets.xcassets in Resources */ = {isa = PBXBuildFile; fileRef = 0990B07C2A5571FD00CB8CF5 /* Preview Assets.xcassets */; };
		099A6EC72A65C5250025178F /* NukeUI in Frameworks */ = {isa = PBXBuildFile; productRef = 099A6EC62A65C5250025178F /* NukeUI */; };
		09B074E42AA22E4D00A46775 /* ThumbnailModel.swift in Sources */ = {isa = PBXBuildFile; fileRef = 09B074E32AA22E4D00A46775 /* ThumbnailModel.swift */; };
		09B074E72AA2319200A46775 /* GetFavoritesUC.swift in Sources */ = {isa = PBXBuildFile; fileRef = 09B074E62AA2319200A46775 /* GetFavoritesUC.swift */; };
		09B074EA2AA232B500A46775 /* FavoritesDataSource.swift in Sources */ = {isa = PBXBuildFile; fileRef = 09B074E92AA232B500A46775 /* FavoritesDataSource.swift */; };
		09E4D72B2A59891900716470 /* ArkanaKeys in Frameworks */ = {isa = PBXBuildFile; productRef = 09E4D72A2A59891900716470 /* ArkanaKeys */; };
		09E4D7322A59964C00716470 /* DataParser.swift in Sources */ = {isa = PBXBuildFile; fileRef = 09E4D7312A59964C00716470 /* DataParser.swift */; };
		09E4D7342A5996C400716470 /* NetworkError.swift in Sources */ = {isa = PBXBuildFile; fileRef = 09E4D7332A5996C400716470 /* NetworkError.swift */; };
		09E4D7362A59978F00716470 /* RequestManager.swift in Sources */ = {isa = PBXBuildFile; fileRef = 09E4D7352A59978F00716470 /* RequestManager.swift */; };
		09E4D7382A5997AE00716470 /* NetworkManager.swift in Sources */ = {isa = PBXBuildFile; fileRef = 09E4D7372A5997AE00716470 /* NetworkManager.swift */; };
		09E4D73B2A59985100716470 /* RequestProtocol.swift in Sources */ = {isa = PBXBuildFile; fileRef = 09E4D73A2A59985100716470 /* RequestProtocol.swift */; };
		09E4D73E2A5999A500716470 /* String+MD5.swift in Sources */ = {isa = PBXBuildFile; fileRef = 09E4D73D2A5999A500716470 /* String+MD5.swift */; };
		09E4D7412A599AA300716470 /* CryptoSwift in Frameworks */ = {isa = PBXBuildFile; productRef = 09E4D7402A599AA300716470 /* CryptoSwift */; };
		09E4D7432A599BF600716470 /* RequestType.swift in Sources */ = {isa = PBXBuildFile; fileRef = 09E4D7422A599BF600716470 /* RequestType.swift */; };
		09E4D7462A599DEF00716470 /* CharactersRequest.swift in Sources */ = {isa = PBXBuildFile; fileRef = 09E4D7452A599DEF00716470 /* CharactersRequest.swift */; };
		09E4D7492A599F2600716470 /* CharactersDataSource.swift in Sources */ = {isa = PBXBuildFile; fileRef = 09E4D7482A599F2600716470 /* CharactersDataSource.swift */; };
		09E4D74B2A59A09600716470 /* DefaultCharactersRepository.swift in Sources */ = {isa = PBXBuildFile; fileRef = 09E4D74A2A59A09600716470 /* DefaultCharactersRepository.swift */; };
		09E4D74E2A59A4CA00716470 /* HomeView.swift in Sources */ = {isa = PBXBuildFile; fileRef = 09E4D74D2A59A4CA00716470 /* HomeView.swift */; };
		09E4D7512A59A51900716470 /* HomeViewModel.swift in Sources */ = {isa = PBXBuildFile; fileRef = 09E4D7502A59A51900716470 /* HomeViewModel.swift */; };
		09E4D7592A59B7A100716470 /* ViewModel.swift in Sources */ = {isa = PBXBuildFile; fileRef = 09E4D7582A59B7A100716470 /* ViewModel.swift */; };
		09E4D75B2A59B87E00716470 /* CharacterView.swift in Sources */ = {isa = PBXBuildFile; fileRef = 09E4D75A2A59B87E00716470 /* CharacterView.swift */; };
		09E4D7622A59C09000716470 /* VisualEffectView.swift in Sources */ = {isa = PBXBuildFile; fileRef = 09E4D7612A59C09000716470 /* VisualEffectView.swift */; };
		09E4D7642A59C0C400716470 /* View+CornerRadius.swift in Sources */ = {isa = PBXBuildFile; fileRef = 09E4D7632A59C0C400716470 /* View+CornerRadius.swift */; };
		09E4D76B2A59F24100716470 /* Error+AppError.swift in Sources */ = {isa = PBXBuildFile; fileRef = 09E4D76A2A59F24100716470 /* Error+AppError.swift */; };
		09E4D7742A59F84500716470 /* HomeViewModelTests.swift in Sources */ = {isa = PBXBuildFile; fileRef = 09E4D7732A59F84500716470 /* HomeViewModelTests.swift */; };
		09F1BD9F2A55EA0A00F0EA8B /* Launch Screen.storyboard in Resources */ = {isa = PBXBuildFile; fileRef = 09F1BD9E2A55EA0A00F0EA8B /* Launch Screen.storyboard */; };
		09F6A3A62A6AAEEA00317A19 /* Logger.swift in Sources */ = {isa = PBXBuildFile; fileRef = 09F6A3A52A6AAEEA00317A19 /* Logger.swift */; };
		4092B13146100BC6968200AB /* SwiftyMarvelTests-SwiftyMarvelMocks.generated.swift in Sources */ = {isa = PBXBuildFile; fileRef = 7485F170BE0EE9461F3326EC /* SwiftyMarvelTests-SwiftyMarvelMocks.generated.swift */; };
/* End PBXBuildFile section */

/* Begin PBXFileReference section */
		090475A02A61E30C00A4E23D /* GetComicsUC.swift */ = {isa = PBXFileReference; lastKnownFileType = sourcecode.swift; path = GetComicsUC.swift; sourceTree = "<group>"; };
		090475A22A61E48100A4E23D /* ComicModel+DomainMapper.swift */ = {isa = PBXFileReference; lastKnownFileType = sourcecode.swift; path = "ComicModel+DomainMapper.swift"; sourceTree = "<group>"; };
		090475A42A61E51500A4E23D /* ComicsRequest.swift */ = {isa = PBXFileReference; lastKnownFileType = sourcecode.swift; path = ComicsRequest.swift; sourceTree = "<group>"; };
		090475A62A61E67700A4E23D /* ComicsDataSource.swift */ = {isa = PBXFileReference; lastKnownFileType = sourcecode.swift; path = ComicsDataSource.swift; sourceTree = "<group>"; };
		090475A82A61E76300A4E23D /* DefaultComicsRepository.swift */ = {isa = PBXFileReference; lastKnownFileType = sourcecode.swift; path = DefaultComicsRepository.swift; sourceTree = "<group>"; };
		090475AB2A61E88C00A4E23D /* CharacterProfileViewModel.swift */ = {isa = PBXFileReference; lastKnownFileType = sourcecode.swift; path = CharacterProfileViewModel.swift; sourceTree = "<group>"; };
		09081BD12A61C41D003AF407 /* CharacterProfileView.swift */ = {isa = PBXFileReference; lastKnownFileType = sourcecode.swift; path = CharacterProfileView.swift; sourceTree = "<group>"; };
		09081BD32A61C672003AF407 /* UIScreen+ScreenSize.swift */ = {isa = PBXFileReference; lastKnownFileType = sourcecode.swift; path = "UIScreen+ScreenSize.swift"; sourceTree = "<group>"; };
		09081BD52A61D580003AF407 /* UINavigationController+UIGestureRecognizerDelegate.swift */ = {isa = PBXFileReference; lastKnownFileType = sourcecode.swift; path = "UINavigationController+UIGestureRecognizerDelegate.swift"; sourceTree = "<group>"; };
		09081BD72A61E18E003AF407 /* ComicModel.swift */ = {isa = PBXFileReference; lastKnownFileType = sourcecode.swift; path = ComicModel.swift; sourceTree = "<group>"; };
		09081BD92A61E217003AF407 /* ComicsRepository.swift */ = {isa = PBXFileReference; lastKnownFileType = sourcecode.swift; path = ComicsRepository.swift; sourceTree = "<group>"; };
		09081BDB2A61E250003AF407 /* Comic.swift */ = {isa = PBXFileReference; lastKnownFileType = sourcecode.swift; path = Comic.swift; sourceTree = "<group>"; };
		091BF24B2AA33DA800B783F1 /* SwiftyMarvel.xcdatamodel */ = {isa = PBXFileReference; lastKnownFileType = wrapper.xcdatamodel; path = SwiftyMarvel.xcdatamodel; sourceTree = "<group>"; };
		091BF24D2AA341C900B783F1 /* CharacterEntity+DomainMappers.swift */ = {isa = PBXFileReference; lastKnownFileType = sourcecode.swift; path = "CharacterEntity+DomainMappers.swift"; sourceTree = "<group>"; };
		091BF2532AA347E900B783F1 /* CoreDataMapper.swift */ = {isa = PBXFileReference; lastKnownFileType = sourcecode.swift; path = CoreDataMapper.swift; sourceTree = "<group>"; };
		091BF2552AA34A1D00B783F1 /* FavoritesRepository.swift */ = {isa = PBXFileReference; lastKnownFileType = sourcecode.swift; path = FavoritesRepository.swift; sourceTree = "<group>"; };
		091BF2572AA3538800B783F1 /* ToggleFavoriteUC.swift */ = {isa = PBXFileReference; lastKnownFileType = sourcecode.swift; path = ToggleFavoriteUC.swift; sourceTree = "<group>"; };
		091BF2592AA353D500B783F1 /* CheckFavoriteUC.swift */ = {isa = PBXFileReference; lastKnownFileType = sourcecode.swift; path = CheckFavoriteUC.swift; sourceTree = "<group>"; };
		091BF25B2AA3540800B783F1 /* DefaultFavoritesRepository.swift */ = {isa = PBXFileReference; lastKnownFileType = sourcecode.swift; path = DefaultFavoritesRepository.swift; sourceTree = "<group>"; };
		091BF25E2AA3A26200B783F1 /* ContainerView.swift */ = {isa = PBXFileReference; lastKnownFileType = sourcecode.swift; path = ContainerView.swift; sourceTree = "<group>"; };
		091BF2642AA3A54D00B783F1 /* FavoritesView.swift */ = {isa = PBXFileReference; lastKnownFileType = sourcecode.swift; path = FavoritesView.swift; sourceTree = "<group>"; };
		091BF2662AA3A6D900B783F1 /* FavoritesViewModel.swift */ = {isa = PBXFileReference; lastKnownFileType = sourcecode.swift; path = FavoritesViewModel.swift; sourceTree = "<group>"; };
		091BF2682AA3D02A00B783F1 /* DefaultFavoritesRepositoryTests.swift */ = {isa = PBXFileReference; lastKnownFileType = sourcecode.swift; path = DefaultFavoritesRepositoryTests.swift; sourceTree = "<group>"; };
		0929177A2A6BE7FE00E3FEE5 /* en */ = {isa = PBXFileReference; lastKnownFileType = text.plist.strings; name = en; path = en.lproj/Localizable.strings; sourceTree = "<group>"; };
		0929177D2A6BEB8900E3FEE5 /* String+Localization.swift */ = {isa = PBXFileReference; lastKnownFileType = sourcecode.swift; path = "String+Localization.swift"; sourceTree = "<group>"; };
		092E58BE2A651337005AC237 /* CharacterProfileViewModelTests.swift */ = {isa = PBXFileReference; lastKnownFileType = sourcecode.swift; path = CharacterProfileViewModelTests.swift; sourceTree = "<group>"; };
		095948572A58751100C91E83 /* BaseResponse.swift */ = {isa = PBXFileReference; lastKnownFileType = sourcecode.swift; path = BaseResponse.swift; sourceTree = "<group>"; };
		095948592A58756000C91E83 /* BaseResponseModel.swift */ = {isa = PBXFileReference; lastKnownFileType = sourcecode.swift; path = BaseResponseModel.swift; sourceTree = "<group>"; };
		0959485B2A58759300C91E83 /* CharacterModel.swift */ = {isa = PBXFileReference; lastKnownFileType = sourcecode.swift; path = CharacterModel.swift; sourceTree = "<group>"; };
		0959485F2A5879B400C91E83 /* CharacterModel+DomainMapper.swift */ = {isa = PBXFileReference; lastKnownFileType = sourcecode.swift; path = "CharacterModel+DomainMapper.swift"; sourceTree = "<group>"; };
		095948612A5879D200C91E83 /* Character.swift */ = {isa = PBXFileReference; lastKnownFileType = sourcecode.swift; path = Character.swift; sourceTree = "<group>"; };
		095948632A587A2600C91E83 /* DomainMapper.swift */ = {isa = PBXFileReference; lastKnownFileType = sourcecode.swift; path = DomainMapper.swift; sourceTree = "<group>"; };
		095948672A5887AB00C91E83 /* AppError.swift */ = {isa = PBXFileReference; lastKnownFileType = sourcecode.swift; path = AppError.swift; sourceTree = "<group>"; };
		095948692A5888A400C91E83 /* GetCharactersUC.swift */ = {isa = PBXFileReference; lastKnownFileType = sourcecode.swift; path = GetCharactersUC.swift; sourceTree = "<group>"; };
		0959486C2A58894100C91E83 /* PaginatedResponseModel.swift */ = {isa = PBXFileReference; lastKnownFileType = sourcecode.swift; path = PaginatedResponseModel.swift; sourceTree = "<group>"; };
		0959486E2A58899100C91E83 /* PaginatedResponseModel+DomainMapper.swift */ = {isa = PBXFileReference; lastKnownFileType = sourcecode.swift; path = "PaginatedResponseModel+DomainMapper.swift"; sourceTree = "<group>"; };
		095948702A588A1B00C91E83 /* PaginatedResponse.swift */ = {isa = PBXFileReference; lastKnownFileType = sourcecode.swift; path = PaginatedResponse.swift; sourceTree = "<group>"; };
		095948722A588CF500C91E83 /* CharactersRepository.swift */ = {isa = PBXFileReference; lastKnownFileType = sourcecode.swift; path = CharactersRepository.swift; sourceTree = "<group>"; };
		095948752A58911000C91E83 /* APIConstants.swift */ = {isa = PBXFileReference; lastKnownFileType = sourcecode.swift; path = APIConstants.swift; sourceTree = "<group>"; };
		0959487F2A58985A00C91E83 /* Resolver.swift */ = {isa = PBXFileReference; lastKnownFileType = sourcecode.swift; path = Resolver.swift; sourceTree = "<group>"; };
		097AFE192A61EF11002B94F6 /* ComicItemView.swift */ = {isa = PBXFileReference; lastKnownFileType = sourcecode.swift; path = ComicItemView.swift; sourceTree = "<group>"; };
		097AFE1B2A61EFCC002B94F6 /* CachedImageView.swift */ = {isa = PBXFileReference; lastKnownFileType = sourcecode.swift; path = CachedImageView.swift; sourceTree = "<group>"; };
		097AFE1E2A61F961002B94F6 /* GetCharactersUCTests.swift */ = {isa = PBXFileReference; lastKnownFileType = sourcecode.swift; path = GetCharactersUCTests.swift; sourceTree = "<group>"; };
		097AFE212A61FC9B002B94F6 /* DefaultCharactersRepositoryTests.swift */ = {isa = PBXFileReference; lastKnownFileType = sourcecode.swift; path = DefaultCharactersRepositoryTests.swift; sourceTree = "<group>"; };
		098B70EE2A5B5BC9004D5F52 /* MessageView.swift */ = {isa = PBXFileReference; lastKnownFileType = sourcecode.swift; path = MessageView.swift; sourceTree = "<group>"; };
		098B70F02A5B5DA2004D5F52 /* BaseStateView.swift */ = {isa = PBXFileReference; lastKnownFileType = sourcecode.swift; path = BaseStateView.swift; sourceTree = "<group>"; };
		0990B0722A5571FC00CB8CF5 /* SwiftyMarvel.app */ = {isa = PBXFileReference; explicitFileType = wrapper.application; includeInIndex = 0; path = SwiftyMarvel.app; sourceTree = BUILT_PRODUCTS_DIR; };
		0990B0752A5571FC00CB8CF5 /* SwiftyMarvelApp.swift */ = {isa = PBXFileReference; lastKnownFileType = sourcecode.swift; path = SwiftyMarvelApp.swift; sourceTree = "<group>"; };
		0990B0792A5571FD00CB8CF5 /* Assets.xcassets */ = {isa = PBXFileReference; lastKnownFileType = folder.assetcatalog; path = Assets.xcassets; sourceTree = "<group>"; };
		0990B07C2A5571FD00CB8CF5 /* Preview Assets.xcassets */ = {isa = PBXFileReference; lastKnownFileType = folder.assetcatalog; path = "Preview Assets.xcassets"; sourceTree = "<group>"; };
		0990B0822A5571FD00CB8CF5 /* SwiftyMarvelTests.xctest */ = {isa = PBXFileReference; explicitFileType = wrapper.cfbundle; includeInIndex = 0; path = SwiftyMarvelTests.xctest; sourceTree = BUILT_PRODUCTS_DIR; };
		09B074E32AA22E4D00A46775 /* ThumbnailModel.swift */ = {isa = PBXFileReference; lastKnownFileType = sourcecode.swift; path = ThumbnailModel.swift; sourceTree = "<group>"; };
		09B074E62AA2319200A46775 /* GetFavoritesUC.swift */ = {isa = PBXFileReference; lastKnownFileType = sourcecode.swift; path = GetFavoritesUC.swift; sourceTree = "<group>"; };
		09B074E92AA232B500A46775 /* FavoritesDataSource.swift */ = {isa = PBXFileReference; lastKnownFileType = sourcecode.swift; path = FavoritesDataSource.swift; sourceTree = "<group>"; };
		09E4D7282A59890900716470 /* ArkanaKeys */ = {isa = PBXFileReference; lastKnownFileType = wrapper; name = ArkanaKeys; path = ArkanaKeys/ArkanaKeys; sourceTree = "<group>"; };
		09E4D7312A59964C00716470 /* DataParser.swift */ = {isa = PBXFileReference; lastKnownFileType = sourcecode.swift; path = DataParser.swift; sourceTree = "<group>"; };
		09E4D7332A5996C400716470 /* NetworkError.swift */ = {isa = PBXFileReference; lastKnownFileType = sourcecode.swift; path = NetworkError.swift; sourceTree = "<group>"; };
		09E4D7352A59978F00716470 /* RequestManager.swift */ = {isa = PBXFileReference; lastKnownFileType = sourcecode.swift; path = RequestManager.swift; sourceTree = "<group>"; };
		09E4D7372A5997AE00716470 /* NetworkManager.swift */ = {isa = PBXFileReference; lastKnownFileType = sourcecode.swift; path = NetworkManager.swift; sourceTree = "<group>"; };
		09E4D73A2A59985100716470 /* RequestProtocol.swift */ = {isa = PBXFileReference; lastKnownFileType = sourcecode.swift; path = RequestProtocol.swift; sourceTree = "<group>"; };
		09E4D73D2A5999A500716470 /* String+MD5.swift */ = {isa = PBXFileReference; lastKnownFileType = sourcecode.swift; path = "String+MD5.swift"; sourceTree = "<group>"; };
		09E4D7422A599BF600716470 /* RequestType.swift */ = {isa = PBXFileReference; lastKnownFileType = sourcecode.swift; path = RequestType.swift; sourceTree = "<group>"; };
		09E4D7452A599DEF00716470 /* CharactersRequest.swift */ = {isa = PBXFileReference; lastKnownFileType = sourcecode.swift; path = CharactersRequest.swift; sourceTree = "<group>"; };
		09E4D7482A599F2600716470 /* CharactersDataSource.swift */ = {isa = PBXFileReference; lastKnownFileType = sourcecode.swift; path = CharactersDataSource.swift; sourceTree = "<group>"; };
		09E4D74A2A59A09600716470 /* DefaultCharactersRepository.swift */ = {isa = PBXFileReference; lastKnownFileType = sourcecode.swift; path = DefaultCharactersRepository.swift; sourceTree = "<group>"; };
		09E4D74D2A59A4CA00716470 /* HomeView.swift */ = {isa = PBXFileReference; lastKnownFileType = sourcecode.swift; path = HomeView.swift; sourceTree = "<group>"; };
		09E4D7502A59A51900716470 /* HomeViewModel.swift */ = {isa = PBXFileReference; lastKnownFileType = sourcecode.swift; path = HomeViewModel.swift; sourceTree = "<group>"; };
		09E4D7582A59B7A100716470 /* ViewModel.swift */ = {isa = PBXFileReference; lastKnownFileType = sourcecode.swift; path = ViewModel.swift; sourceTree = "<group>"; };
		09E4D75A2A59B87E00716470 /* CharacterView.swift */ = {isa = PBXFileReference; lastKnownFileType = sourcecode.swift; path = CharacterView.swift; sourceTree = "<group>"; };
		09E4D7612A59C09000716470 /* VisualEffectView.swift */ = {isa = PBXFileReference; lastKnownFileType = sourcecode.swift; path = VisualEffectView.swift; sourceTree = "<group>"; };
		09E4D7632A59C0C400716470 /* View+CornerRadius.swift */ = {isa = PBXFileReference; lastKnownFileType = sourcecode.swift; path = "View+CornerRadius.swift"; sourceTree = "<group>"; };
		09E4D76A2A59F24100716470 /* Error+AppError.swift */ = {isa = PBXFileReference; lastKnownFileType = sourcecode.swift; path = "Error+AppError.swift"; sourceTree = "<group>"; };
		09E4D7732A59F84500716470 /* HomeViewModelTests.swift */ = {isa = PBXFileReference; lastKnownFileType = sourcecode.swift; path = HomeViewModelTests.swift; sourceTree = "<group>"; };
		09E4D7752A5A02AC00716470 /* SwiftyMarvel.xctestplan */ = {isa = PBXFileReference; lastKnownFileType = text; path = SwiftyMarvel.xctestplan; sourceTree = "<group>"; };
		09E4D7762A5A055900716470 /* README.md */ = {isa = PBXFileReference; lastKnownFileType = net.daringfireball.markdown; path = README.md; sourceTree = "<group>"; };
		09F1BD9D2A55E62B00F0EA8B /* Info.plist */ = {isa = PBXFileReference; lastKnownFileType = text.plist; path = Info.plist; sourceTree = "<group>"; };
		09F1BD9E2A55EA0A00F0EA8B /* Launch Screen.storyboard */ = {isa = PBXFileReference; lastKnownFileType = file.storyboard; path = "Launch Screen.storyboard"; sourceTree = "<group>"; };
		09F6A3A52A6AAEEA00317A19 /* Logger.swift */ = {isa = PBXFileReference; lastKnownFileType = sourcecode.swift; path = Logger.swift; sourceTree = "<group>"; };
		7485F170BE0EE9461F3326EC /* SwiftyMarvelTests-SwiftyMarvelMocks.generated.swift */ = {isa = PBXFileReference; explicitFileType = sourcecode.swift; name = "SwiftyMarvelTests-SwiftyMarvelMocks.generated.swift"; path = "MockingbirdMocks/SwiftyMarvelTests-SwiftyMarvelMocks.generated.swift"; sourceTree = "<group>"; };
/* End PBXFileReference section */

/* Begin PBXFrameworksBuildPhase section */
		0990B06F2A5571FC00CB8CF5 /* Frameworks */ = {
			isa = PBXFrameworksBuildPhase;
			buildActionMask = 2147483647;
			files = (
				09E4D72B2A59891900716470 /* ArkanaKeys in Frameworks */,
				095948852A58A3C500C91E83 /* Swinject in Frameworks */,
				09E4D7412A599AA300716470 /* CryptoSwift in Frameworks */,
				099A6EC72A65C5250025178F /* NukeUI in Frameworks */,
			);
			runOnlyForDeploymentPostprocessing = 0;
		};
		0990B07F2A5571FD00CB8CF5 /* Frameworks */ = {
			isa = PBXFrameworksBuildPhase;
			buildActionMask = 2147483647;
			files = (
				0937EBA72A5EB65C006A78FC /* Mockingbird in Frameworks */,
			);
			runOnlyForDeploymentPostprocessing = 0;
		};
/* End PBXFrameworksBuildPhase section */

/* Begin PBXGroup section */
		0904759F2A61E2F400A4E23D /* ComicsUC */ = {
			isa = PBXGroup;
			children = (
				090475A02A61E30C00A4E23D /* GetComicsUC.swift */,
			);
			path = ComicsUC;
			sourceTree = "<group>";
		};
		090475AA2A61E87400A4E23D /* ViewModels */ = {
			isa = PBXGroup;
			children = (
				090475AB2A61E88C00A4E23D /* CharacterProfileViewModel.swift */,
			);
			path = ViewModels;
			sourceTree = "<group>";
		};
		09081BD02A61C3FF003AF407 /* Views */ = {
			isa = PBXGroup;
			children = (
				09081BD12A61C41D003AF407 /* CharacterProfileView.swift */,
				097AFE192A61EF11002B94F6 /* ComicItemView.swift */,
			);
			path = Views;
			sourceTree = "<group>";
		};
		091BF2492AA33D7C00B783F1 /* CoreData */ = {
			isa = PBXGroup;
			children = (
				091BF24A2AA33DA800B783F1 /* SwiftyMarvel.xcdatamodeld */,
			);
			path = CoreData;
			sourceTree = "<group>";
		};
		091BF25D2AA3A24A00B783F1 /* Container */ = {
			isa = PBXGroup;
			children = (
				091BF2612AA3A2AE00B783F1 /* Views */,
			);
			path = Container;
			sourceTree = "<group>";
		};
		091BF2602AA3A28F00B783F1 /* Favorites */ = {
			isa = PBXGroup;
			children = (
				091BF2632AA3A2BD00B783F1 /* ViewModels */,
				091BF2622AA3A2B600B783F1 /* Views */,
			);
			path = Favorites;
			sourceTree = "<group>";
		};
		091BF2612AA3A2AE00B783F1 /* Views */ = {
			isa = PBXGroup;
			children = (
				091BF25E2AA3A26200B783F1 /* ContainerView.swift */,
			);
			path = Views;
			sourceTree = "<group>";
		};
		091BF2622AA3A2B600B783F1 /* Views */ = {
			isa = PBXGroup;
			children = (
				091BF2642AA3A54D00B783F1 /* FavoritesView.swift */,
			);
			path = Views;
			sourceTree = "<group>";
		};
		091BF2632AA3A2BD00B783F1 /* ViewModels */ = {
			isa = PBXGroup;
			children = (
				091BF2662AA3A6D900B783F1 /* FavoritesViewModel.swift */,
			);
			path = ViewModels;
			sourceTree = "<group>";
		};
		092123902A5EF0E600C91B7E /* CharacterProfile */ = {
			isa = PBXGroup;
			children = (
				090475AA2A61E87400A4E23D /* ViewModels */,
				09081BD02A61C3FF003AF407 /* Views */,
			);
			path = CharacterProfile;
			sourceTree = "<group>";
		};
		0929177C2A6BE92600E3FEE5 /* Localization */ = {
			isa = PBXGroup;
			children = (
				0929177B2A6BE7FE00E3FEE5 /* Localizable.strings */,
			);
			path = Localization;
			sourceTree = "<group>";
		};
		092E58BC2A6512F8005AC237 /* CharacterProfile */ = {
			isa = PBXGroup;
			children = (
				092E58BD2A651305005AC237 /* ViewModels */,
			);
			path = CharacterProfile;
			sourceTree = "<group>";
		};
		092E58BD2A651305005AC237 /* ViewModels */ = {
			isa = PBXGroup;
			children = (
				092E58BE2A651337005AC237 /* CharacterProfileViewModelTests.swift */,
			);
			path = ViewModels;
			sourceTree = "<group>";
		};
		095948562A58526400C91E83 /* Model */ = {
			isa = PBXGroup;
			children = (
				095948592A58756000C91E83 /* BaseResponseModel.swift */,
				0959485B2A58759300C91E83 /* CharacterModel.swift */,
				0959486C2A58894100C91E83 /* PaginatedResponseModel.swift */,
				09081BD72A61E18E003AF407 /* ComicModel.swift */,
				09B074E32AA22E4D00A46775 /* ThumbnailModel.swift */,
			);
			path = Model;
			sourceTree = "<group>";
		};
		0959485E2A58798300C91E83 /* Mappers */ = {
			isa = PBXGroup;
			children = (
				091BF2532AA347E900B783F1 /* CoreDataMapper.swift */,
				095948632A587A2600C91E83 /* DomainMapper.swift */,
				0959485F2A5879B400C91E83 /* CharacterModel+DomainMapper.swift */,
				0959486E2A58899100C91E83 /* PaginatedResponseModel+DomainMapper.swift */,
				090475A22A61E48100A4E23D /* ComicModel+DomainMapper.swift */,
				091BF24D2AA341C900B783F1 /* CharacterEntity+DomainMappers.swift */,
			);
			path = Mappers;
			sourceTree = "<group>";
		};
		0959486B2A5888A700C91E83 /* CharactersUC */ = {
			isa = PBXGroup;
			children = (
				095948692A5888A400C91E83 /* GetCharactersUC.swift */,
			);
			path = CharactersUC;
			sourceTree = "<group>";
		};
		095948742A5890FC00C91E83 /* Constants */ = {
			isa = PBXGroup;
			children = (
				095948752A58911000C91E83 /* APIConstants.swift */,
			);
			path = Constants;
			sourceTree = "<group>";
		};
		0959487C2A58983100C91E83 /* DI */ = {
			isa = PBXGroup;
			children = (
				0959487F2A58985A00C91E83 /* Resolver.swift */,
			);
			path = DI;
			sourceTree = "<group>";
		};
		097AFE1D2A61F945002B94F6 /* UseCase */ = {
			isa = PBXGroup;
			children = (
				097AFE1E2A61F961002B94F6 /* GetCharactersUCTests.swift */,
			);
			path = UseCase;
			sourceTree = "<group>";
		};
		097AFE202A61FC7A002B94F6 /* Repository */ = {
			isa = PBXGroup;
			children = (
				097AFE212A61FC9B002B94F6 /* DefaultCharactersRepositoryTests.swift */,
				091BF2682AA3D02A00B783F1 /* DefaultFavoritesRepositoryTests.swift */,
			);
			path = Repository;
			sourceTree = "<group>";
		};
		0990B0692A5571FC00CB8CF5 = {
			isa = PBXGroup;
			children = (
				09E4D7762A5A055900716470 /* README.md */,
				09E4D7752A5A02AC00716470 /* SwiftyMarvel.xctestplan */,
				09E4D7272A59890900716470 /* Packages */,
				0990B0742A5571FC00CB8CF5 /* SwiftyMarvel */,
				0990B0852A5571FD00CB8CF5 /* SwiftyMarvelTests */,
				0990B0732A5571FC00CB8CF5 /* Products */,
				09E4D7292A59891900716470 /* Frameworks */,
				4243B3BC6EA881013E5DF71D /* Generated Mocks */,
			);
			sourceTree = "<group>";
		};
		0990B0732A5571FC00CB8CF5 /* Products */ = {
			isa = PBXGroup;
			children = (
				0990B0722A5571FC00CB8CF5 /* SwiftyMarvel.app */,
				0990B0822A5571FD00CB8CF5 /* SwiftyMarvelTests.xctest */,
			);
			name = Products;
			sourceTree = "<group>";
		};
		0990B0742A5571FC00CB8CF5 /* SwiftyMarvel */ = {
			isa = PBXGroup;
			children = (
				0929177C2A6BE92600E3FEE5 /* Localization */,
				09F1BD9D2A55E62B00F0EA8B /* Info.plist */,
				0990B09F2A55A9CB00CB8CF5 /* Core */,
				0990B0A02A55A9D900CB8CF5 /* Data */,
				0990B0A12A55A9DE00CB8CF5 /* Domain */,
				0990B0A22A55A9E400CB8CF5 /* Presentation */,
				0990B0752A5571FC00CB8CF5 /* SwiftyMarvelApp.swift */,
				09F1BD9E2A55EA0A00F0EA8B /* Launch Screen.storyboard */,
				0990B0792A5571FD00CB8CF5 /* Assets.xcassets */,
				0990B07B2A5571FD00CB8CF5 /* Preview Content */,
			);
			path = SwiftyMarvel;
			sourceTree = "<group>";
		};
		0990B07B2A5571FD00CB8CF5 /* Preview Content */ = {
			isa = PBXGroup;
			children = (
				0990B07C2A5571FD00CB8CF5 /* Preview Assets.xcassets */,
			);
			path = "Preview Content";
			sourceTree = "<group>";
		};
		0990B0852A5571FD00CB8CF5 /* SwiftyMarvelTests */ = {
			isa = PBXGroup;
			children = (
				09E4D76C2A59F7C100716470 /* Core */,
				09E4D76F2A59F7DA00716470 /* Data */,
				09E4D76E2A59F7D200716470 /* Domain */,
				09E4D76D2A59F7C700716470 /* Presentaion */,
			);
			path = SwiftyMarvelTests;
			sourceTree = "<group>";
		};
		0990B09F2A55A9CB00CB8CF5 /* Core */ = {
			isa = PBXGroup;
			children = (
				09F6A3A42A6AAEDB00317A19 /* Utils */,
				09E4D73C2A59999500716470 /* Extensions */,
				0959487C2A58983100C91E83 /* DI */,
			);
			path = Core;
			sourceTree = "<group>";
		};
		0990B0A02A55A9D900CB8CF5 /* Data */ = {
			isa = PBXGroup;
			children = (
				095948742A5890FC00C91E83 /* Constants */,
				09E4D72E2A59954B00716470 /* Networking */,
				0959485E2A58798300C91E83 /* Mappers */,
				095948562A58526400C91E83 /* Model */,
				0990B0A92A55AAEB00CB8CF5 /* DataSource */,
				0990B0A82A55AAE400CB8CF5 /* Repository */,
			);
			path = Data;
			sourceTree = "<group>";
		};
		0990B0A12A55A9DE00CB8CF5 /* Domain */ = {
			isa = PBXGroup;
			children = (
				09E4D7692A59F1A800716470 /* Errors */,
				0990B0A32A55AA8600CB8CF5 /* Repository */,
				0990B0A52A55AAA700CB8CF5 /* Entity */,
				0990B0A42A55AA8D00CB8CF5 /* UseCase */,
			);
			path = Domain;
			sourceTree = "<group>";
		};
		0990B0A22A55A9E400CB8CF5 /* Presentation */ = {
			isa = PBXGroup;
			children = (
				09E4D7602A59C06600716470 /* ResuableViews */,
				09E4D7572A59B79100716470 /* Core */,
				09E4D7682A59E94800716470 /* Screens */,
			);
			path = Presentation;
			sourceTree = "<group>";
		};
		0990B0A32A55AA8600CB8CF5 /* Repository */ = {
			isa = PBXGroup;
			children = (
				095948722A588CF500C91E83 /* CharactersRepository.swift */,
				09081BD92A61E217003AF407 /* ComicsRepository.swift */,
				091BF2552AA34A1D00B783F1 /* FavoritesRepository.swift */,
			);
			path = Repository;
			sourceTree = "<group>";
		};
		0990B0A42A55AA8D00CB8CF5 /* UseCase */ = {
			isa = PBXGroup;
			children = (
				09B074E52AA2317B00A46775 /* FavoritesUC */,
				0904759F2A61E2F400A4E23D /* ComicsUC */,
				0959486B2A5888A700C91E83 /* CharactersUC */,
			);
			path = UseCase;
			sourceTree = "<group>";
		};
		0990B0A52A55AAA700CB8CF5 /* Entity */ = {
			isa = PBXGroup;
			children = (
				095948572A58751100C91E83 /* BaseResponse.swift */,
				095948612A5879D200C91E83 /* Character.swift */,
				095948702A588A1B00C91E83 /* PaginatedResponse.swift */,
				09081BDB2A61E250003AF407 /* Comic.swift */,
			);
			path = Entity;
			sourceTree = "<group>";
		};
		0990B0A82A55AAE400CB8CF5 /* Repository */ = {
			isa = PBXGroup;
			children = (
				09E4D74A2A59A09600716470 /* DefaultCharactersRepository.swift */,
				090475A82A61E76300A4E23D /* DefaultComicsRepository.swift */,
				091BF25B2AA3540800B783F1 /* DefaultFavoritesRepository.swift */,
			);
			path = Repository;
			sourceTree = "<group>";
		};
		0990B0A92A55AAEB00CB8CF5 /* DataSource */ = {
			isa = PBXGroup;
			children = (
				09B074E82AA232A100A46775 /* Local */,
				09E4D7472A599F0C00716470 /* Remote */,
			);
			path = DataSource;
			sourceTree = "<group>";
		};
		09B074E52AA2317B00A46775 /* FavoritesUC */ = {
			isa = PBXGroup;
			children = (
				09B074E62AA2319200A46775 /* GetFavoritesUC.swift */,
				091BF2572AA3538800B783F1 /* ToggleFavoriteUC.swift */,
				091BF2592AA353D500B783F1 /* CheckFavoriteUC.swift */,
			);
			path = FavoritesUC;
			sourceTree = "<group>";
		};
		09B074E82AA232A100A46775 /* Local */ = {
			isa = PBXGroup;
			children = (
				091BF2492AA33D7C00B783F1 /* CoreData */,
				09B074E92AA232B500A46775 /* FavoritesDataSource.swift */,
			);
			path = Local;
			sourceTree = "<group>";
		};
		09E4D7272A59890900716470 /* Packages */ = {
			isa = PBXGroup;
			children = (
				09E4D7282A59890900716470 /* ArkanaKeys */,
			);
			name = Packages;
			sourceTree = "<group>";
		};
		09E4D7292A59891900716470 /* Frameworks */ = {
			isa = PBXGroup;
			children = (
			);
			name = Frameworks;
			sourceTree = "<group>";
		};
		09E4D72E2A59954B00716470 /* Networking */ = {
			isa = PBXGroup;
			children = (
				09E4D7392A59983700716470 /* Request */,
				09E4D72F2A59961D00716470 /* Parser */,
				09E4D7332A5996C400716470 /* NetworkError.swift */,
				09E4D7352A59978F00716470 /* RequestManager.swift */,
				09E4D7372A5997AE00716470 /* NetworkManager.swift */,
			);
			path = Networking;
			sourceTree = "<group>";
		};
		09E4D72F2A59961D00716470 /* Parser */ = {
			isa = PBXGroup;
			children = (
				09E4D7312A59964C00716470 /* DataParser.swift */,
			);
			path = Parser;
			sourceTree = "<group>";
		};
		09E4D7392A59983700716470 /* Request */ = {
			isa = PBXGroup;
			children = (
				09E4D7442A599DC400716470 /* Api */,
				09E4D73A2A59985100716470 /* RequestProtocol.swift */,
				09E4D7422A599BF600716470 /* RequestType.swift */,
			);
			path = Request;
			sourceTree = "<group>";
		};
		09E4D73C2A59999500716470 /* Extensions */ = {
			isa = PBXGroup;
			children = (
				09E4D73D2A5999A500716470 /* String+MD5.swift */,
				09E4D76A2A59F24100716470 /* Error+AppError.swift */,
				0929177D2A6BEB8900E3FEE5 /* String+Localization.swift */,
			);
			path = Extensions;
			sourceTree = "<group>";
		};
		09E4D7442A599DC400716470 /* Api */ = {
			isa = PBXGroup;
			children = (
				09E4D7452A599DEF00716470 /* CharactersRequest.swift */,
				090475A42A61E51500A4E23D /* ComicsRequest.swift */,
			);
			path = Api;
			sourceTree = "<group>";
		};
		09E4D7472A599F0C00716470 /* Remote */ = {
			isa = PBXGroup;
			children = (
				09E4D7482A599F2600716470 /* CharactersDataSource.swift */,
				090475A62A61E67700A4E23D /* ComicsDataSource.swift */,
			);
			path = Remote;
			sourceTree = "<group>";
		};
		09E4D74C2A59A4C100716470 /* Home */ = {
			isa = PBXGroup;
			children = (
				09E4D7522A59B74300716470 /* Views */,
				09E4D74F2A59A50800716470 /* ViewModels */,
			);
			path = Home;
			sourceTree = "<group>";
		};
		09E4D74F2A59A50800716470 /* ViewModels */ = {
			isa = PBXGroup;
			children = (
				09E4D7502A59A51900716470 /* HomeViewModel.swift */,
			);
			path = ViewModels;
			sourceTree = "<group>";
		};
		09E4D7522A59B74300716470 /* Views */ = {
			isa = PBXGroup;
			children = (
				09E4D74D2A59A4CA00716470 /* HomeView.swift */,
				09E4D75A2A59B87E00716470 /* CharacterView.swift */,
			);
			path = Views;
			sourceTree = "<group>";
		};
		09E4D7572A59B79100716470 /* Core */ = {
			isa = PBXGroup;
			children = (
				09E4D75F2A59C05E00716470 /* Extensions */,
				09E4D7582A59B7A100716470 /* ViewModel.swift */,
			);
			path = Core;
			sourceTree = "<group>";
		};
		09E4D75F2A59C05E00716470 /* Extensions */ = {
			isa = PBXGroup;
			children = (
				09E4D7632A59C0C400716470 /* View+CornerRadius.swift */,
				09081BD32A61C672003AF407 /* UIScreen+ScreenSize.swift */,
				09081BD52A61D580003AF407 /* UINavigationController+UIGestureRecognizerDelegate.swift */,
			);
			path = Extensions;
			sourceTree = "<group>";
		};
		09E4D7602A59C06600716470 /* ResuableViews */ = {
			isa = PBXGroup;
			children = (
				09E4D7612A59C09000716470 /* VisualEffectView.swift */,
				098B70EE2A5B5BC9004D5F52 /* MessageView.swift */,
				098B70F02A5B5DA2004D5F52 /* BaseStateView.swift */,
				097AFE1B2A61EFCC002B94F6 /* CachedImageView.swift */,
			);
			path = ResuableViews;
			sourceTree = "<group>";
		};
		09E4D7682A59E94800716470 /* Screens */ = {
			isa = PBXGroup;
			children = (
				091BF2602AA3A28F00B783F1 /* Favorites */,
				091BF25D2AA3A24A00B783F1 /* Container */,
				092123902A5EF0E600C91B7E /* CharacterProfile */,
				09E4D74C2A59A4C100716470 /* Home */,
			);
			path = Screens;
			sourceTree = "<group>";
		};
		09E4D7692A59F1A800716470 /* Errors */ = {
			isa = PBXGroup;
			children = (
				095948672A5887AB00C91E83 /* AppError.swift */,
			);
			path = Errors;
			sourceTree = "<group>";
		};
		09E4D76C2A59F7C100716470 /* Core */ = {
			isa = PBXGroup;
			children = (
			);
			path = Core;
			sourceTree = "<group>";
		};
		09E4D76D2A59F7C700716470 /* Presentaion */ = {
			isa = PBXGroup;
			children = (
				09E4D7702A59F80D00716470 /* Screens */,
			);
			path = Presentaion;
			sourceTree = "<group>";
		};
		09E4D76E2A59F7D200716470 /* Domain */ = {
			isa = PBXGroup;
			children = (
				097AFE1D2A61F945002B94F6 /* UseCase */,
			);
			path = Domain;
			sourceTree = "<group>";
		};
		09E4D76F2A59F7DA00716470 /* Data */ = {
			isa = PBXGroup;
			children = (
				097AFE202A61FC7A002B94F6 /* Repository */,
			);
			path = Data;
			sourceTree = "<group>";
		};
		09E4D7702A59F80D00716470 /* Screens */ = {
			isa = PBXGroup;
			children = (
				092E58BC2A6512F8005AC237 /* CharacterProfile */,
				09E4D7712A59F81300716470 /* Home */,
			);
			path = Screens;
			sourceTree = "<group>";
		};
		09E4D7712A59F81300716470 /* Home */ = {
			isa = PBXGroup;
			children = (
				09E4D7722A59F81A00716470 /* ViewModels */,
			);
			path = Home;
			sourceTree = "<group>";
		};
		09E4D7722A59F81A00716470 /* ViewModels */ = {
			isa = PBXGroup;
			children = (
				09E4D7732A59F84500716470 /* HomeViewModelTests.swift */,
			);
			path = ViewModels;
			sourceTree = "<group>";
		};
		09F6A3A32A6AAED300317A19 /* Logger */ = {
			isa = PBXGroup;
			children = (
				09F6A3A52A6AAEEA00317A19 /* Logger.swift */,
			);
			path = Logger;
			sourceTree = "<group>";
		};
		09F6A3A42A6AAEDB00317A19 /* Utils */ = {
			isa = PBXGroup;
			children = (
				09F6A3A32A6AAED300317A19 /* Logger */,
			);
			path = Utils;
			sourceTree = "<group>";
		};
		4243B3BC6EA881013E5DF71D /* Generated Mocks */ = {
			isa = PBXGroup;
			children = (
				7485F170BE0EE9461F3326EC /* SwiftyMarvelTests-SwiftyMarvelMocks.generated.swift */,
			);
			name = "Generated Mocks";
			sourceTree = "<group>";
		};
/* End PBXGroup section */

/* Begin PBXNativeTarget section */
		0990B0712A5571FC00CB8CF5 /* SwiftyMarvel */ = {
			isa = PBXNativeTarget;
			buildConfigurationList = 0990B0962A5571FD00CB8CF5 /* Build configuration list for PBXNativeTarget "SwiftyMarvel" */;
			buildPhases = (
				09770BB82A5A9E91002BF7DE /* Lint Checking */,
				0990B06E2A5571FC00CB8CF5 /* Sources */,
				0990B06F2A5571FC00CB8CF5 /* Frameworks */,
				0990B0702A5571FC00CB8CF5 /* Resources */,
			);
			buildRules = (
			);
			dependencies = (
			);
			name = SwiftyMarvel;
			packageProductDependencies = (
				095948842A58A3C500C91E83 /* Swinject */,
				09E4D72A2A59891900716470 /* ArkanaKeys */,
				09E4D7402A599AA300716470 /* CryptoSwift */,
				099A6EC62A65C5250025178F /* NukeUI */,
			);
			productName = SwiftyMarvel;
			productReference = 0990B0722A5571FC00CB8CF5 /* SwiftyMarvel.app */;
			productType = "com.apple.product-type.application";
		};
		0990B0812A5571FD00CB8CF5 /* SwiftyMarvelTests */ = {
			isa = PBXNativeTarget;
			buildConfigurationList = 0990B0992A5571FD00CB8CF5 /* Build configuration list for PBXNativeTarget "SwiftyMarvelTests" */;
			buildPhases = (
				8FCED0AB7A4238A93CC396A6 /* Generate Mockingbird Mocks */,
				0990B07E2A5571FD00CB8CF5 /* Sources */,
				0990B07F2A5571FD00CB8CF5 /* Frameworks */,
				0990B0802A5571FD00CB8CF5 /* Resources */,
			);
			buildRules = (
			);
			dependencies = (
				094F3A442A5EB0E90060E930 /* PBXTargetDependency */,
			);
			name = SwiftyMarvelTests;
			packageProductDependencies = (
				0937EBA62A5EB65C006A78FC /* Mockingbird */,
			);
			productName = SwiftyMarvelTests;
			productReference = 0990B0822A5571FD00CB8CF5 /* SwiftyMarvelTests.xctest */;
			productType = "com.apple.product-type.bundle.unit-test";
		};
/* End PBXNativeTarget section */

/* Begin PBXProject section */
		0990B06A2A5571FC00CB8CF5 /* Project object */ = {
			isa = PBXProject;
			attributes = {
				BuildIndependentTargetsInParallel = 1;
				LastSwiftUpdateCheck = 1430;
				LastUpgradeCheck = 1430;
				TargetAttributes = {
					0990B0712A5571FC00CB8CF5 = {
						CreatedOnToolsVersion = 14.3.1;
					};
					0990B0812A5571FD00CB8CF5 = {
						CreatedOnToolsVersion = 14.3.1;
						TestTargetID = 0990B0712A5571FC00CB8CF5;
					};
				};
			};
			buildConfigurationList = 0990B06D2A5571FC00CB8CF5 /* Build configuration list for PBXProject "SwiftyMarvel" */;
			compatibilityVersion = "Xcode 14.0";
			developmentRegion = en;
			hasScannedForEncodings = 0;
			knownRegions = (
				en,
				Base,
			);
			mainGroup = 0990B0692A5571FC00CB8CF5;
			packageReferences = (
				095948832A58A3C500C91E83 /* XCRemoteSwiftPackageReference "Swinject" */,
				09E4D73F2A599AA300716470 /* XCRemoteSwiftPackageReference "CryptoSwift" */,
				0937EBA52A5EB65C006A78FC /* XCRemoteSwiftPackageReference "mockingbird" */,
				099A6EC52A65C5250025178F /* XCRemoteSwiftPackageReference "Nuke" */,
			);
			productRefGroup = 0990B0732A5571FC00CB8CF5 /* Products */;
			projectDirPath = "";
			projectRoot = "";
			targets = (
				0990B0712A5571FC00CB8CF5 /* SwiftyMarvel */,
				0990B0812A5571FD00CB8CF5 /* SwiftyMarvelTests */,
			);
		};
/* End PBXProject section */

/* Begin PBXResourcesBuildPhase section */
		0990B0702A5571FC00CB8CF5 /* Resources */ = {
			isa = PBXResourcesBuildPhase;
			buildActionMask = 2147483647;
			files = (
				09F1BD9F2A55EA0A00F0EA8B /* Launch Screen.storyboard in Resources */,
				092917792A6BE7FE00E3FEE5 /* Localizable.strings in Resources */,
				0990B07D2A5571FD00CB8CF5 /* Preview Assets.xcassets in Resources */,
				0990B07A2A5571FD00CB8CF5 /* Assets.xcassets in Resources */,
			);
			runOnlyForDeploymentPostprocessing = 0;
		};
		0990B0802A5571FD00CB8CF5 /* Resources */ = {
			isa = PBXResourcesBuildPhase;
			buildActionMask = 2147483647;
			files = (
			);
			runOnlyForDeploymentPostprocessing = 0;
		};
/* End PBXResourcesBuildPhase section */

/* Begin PBXShellScriptBuildPhase section */
		09770BB82A5A9E91002BF7DE /* Lint Checking */ = {
			isa = PBXShellScriptBuildPhase;
			buildActionMask = 2147483647;
			files = (
			);
			inputFileListPaths = (
			);
			inputPaths = (
			);
			name = "Lint Checking";
			outputFileListPaths = (
			);
			outputPaths = (
			);
			runOnlyForDeploymentPostprocessing = 0;
			shellPath = /bin/sh;
			shellScript = "if [[ \"$(uname -m)\" == arm64 ]]; then\n    export PATH=\"/opt/homebrew/bin:$PATH\"\nfi\n\nif which swiftlint > /dev/null; then\n  swiftlint\nelse\n  echo \"warning: SwiftLint not installed, download from https://github.com/realm/SwiftLint\"\nfi\n";
		};
		8FCED0AB7A4238A93CC396A6 /* Generate Mockingbird Mocks */ = {
			isa = PBXShellScriptBuildPhase;
			alwaysOutOfDate = 1;
			buildActionMask = 2147483647;
			files = (
			);
			inputPaths = (
			);
			name = "Generate Mockingbird Mocks";
			outputPaths = (
				"$(SRCROOT)/MockingbirdMocks/SwiftyMarvelTests-SwiftyMarvelMocks.generated.swift",
			);
			runOnlyForDeploymentPostprocessing = 0;
			shellPath = /bin/sh;
			shellScript = "set -eu\n\n# Prevent Xcode 13 from running this script while indexing.\n[[ \"${ACTION}\" == \"indexbuild\" ]] && exit 0\n\n# Infer the derived data location from the build environment.\n[[ -z \"${DERIVED_DATA+x}\" ]] && DERIVED_DATA=\"$(echo \"${BUILD_ROOT}\" | sed -n 's|\\(.*\\)/Build/.*|\\1|p')\"\n\n\"${DERIVED_DATA}/SourcePackages/checkouts/mockingbird/mockingbird\" generate --targets \"SwiftyMarvel\" --only-protocols --disable-swiftlint --outputs \"${SRCROOT}/MockingbirdMocks/SwiftyMarvelTests-SwiftyMarvelMocks.generated.swift\"\n";
		};
/* End PBXShellScriptBuildPhase section */

/* Begin PBXSourcesBuildPhase section */
		0990B06E2A5571FC00CB8CF5 /* Sources */ = {
			isa = PBXSourcesBuildPhase;
			buildActionMask = 2147483647;
			files = (
				0959486D2A58894100C91E83 /* PaginatedResponseModel.swift in Sources */,
				09081BDA2A61E217003AF407 /* ComicsRepository.swift in Sources */,
				09E4D74E2A59A4CA00716470 /* HomeView.swift in Sources */,
				095948732A588CF500C91E83 /* CharactersRepository.swift in Sources */,
				091BF2562AA34A1D00B783F1 /* FavoritesRepository.swift in Sources */,
				091BF25A2AA353D500B783F1 /* CheckFavoriteUC.swift in Sources */,
				095948602A5879B400C91E83 /* CharacterModel+DomainMapper.swift in Sources */,
				09E4D7382A5997AE00716470 /* NetworkManager.swift in Sources */,
				09081BD82A61E18E003AF407 /* ComicModel.swift in Sources */,
				098B70F12A5B5DA2004D5F52 /* BaseStateView.swift in Sources */,
				091BF25C2AA3540800B783F1 /* DefaultFavoritesRepository.swift in Sources */,
				09081BD22A61C41D003AF407 /* CharacterProfileView.swift in Sources */,
				09E4D7622A59C09000716470 /* VisualEffectView.swift in Sources */,
				098B70EF2A5B5BC9004D5F52 /* MessageView.swift in Sources */,
				095948802A58985A00C91E83 /* Resolver.swift in Sources */,
				091BF24C2AA33DA800B783F1 /* SwiftyMarvel.xcdatamodeld in Sources */,
				095948582A58751100C91E83 /* BaseResponse.swift in Sources */,
				095948762A58911000C91E83 /* APIConstants.swift in Sources */,
				09081BD42A61C672003AF407 /* UIScreen+ScreenSize.swift in Sources */,
				095948682A5887AB00C91E83 /* AppError.swift in Sources */,
				091BF2652AA3A54D00B783F1 /* FavoritesView.swift in Sources */,
				09E4D7492A599F2600716470 /* CharactersDataSource.swift in Sources */,
				09081BDC2A61E250003AF407 /* Comic.swift in Sources */,
				09E4D75B2A59B87E00716470 /* CharacterView.swift in Sources */,
				095948642A587A2600C91E83 /* DomainMapper.swift in Sources */,
				09E4D7322A59964C00716470 /* DataParser.swift in Sources */,
				090475A92A61E76300A4E23D /* DefaultComicsRepository.swift in Sources */,
				091BF25F2AA3A26200B783F1 /* ContainerView.swift in Sources */,
				097AFE1C2A61EFCC002B94F6 /* CachedImageView.swift in Sources */,
				091BF2582AA3538800B783F1 /* ToggleFavoriteUC.swift in Sources */,
				09081BD62A61D580003AF407 /* UINavigationController+UIGestureRecognizerDelegate.swift in Sources */,
				0959486F2A58899100C91E83 /* PaginatedResponseModel+DomainMapper.swift in Sources */,
				09E4D76B2A59F24100716470 /* Error+AppError.swift in Sources */,
				091BF24E2AA341C900B783F1 /* CharacterEntity+DomainMappers.swift in Sources */,
				09B074E72AA2319200A46775 /* GetFavoritesUC.swift in Sources */,
				095948712A588A1B00C91E83 /* PaginatedResponse.swift in Sources */,
				0929177E2A6BEB8900E3FEE5 /* String+Localization.swift in Sources */,
				091BF2542AA347E900B783F1 /* CoreDataMapper.swift in Sources */,
				095948622A5879D200C91E83 /* Character.swift in Sources */,
				09E4D7512A59A51900716470 /* HomeViewModel.swift in Sources */,
				090475AC2A61E88C00A4E23D /* CharacterProfileViewModel.swift in Sources */,
				0959485C2A58759300C91E83 /* CharacterModel.swift in Sources */,
				0959486A2A5888A400C91E83 /* GetCharactersUC.swift in Sources */,
				090475A12A61E30C00A4E23D /* GetComicsUC.swift in Sources */,
				0959485A2A58756000C91E83 /* BaseResponseModel.swift in Sources */,
				09E4D74B2A59A09600716470 /* DefaultCharactersRepository.swift in Sources */,
				09E4D7362A59978F00716470 /* RequestManager.swift in Sources */,
				09E4D73B2A59985100716470 /* RequestProtocol.swift in Sources */,
				090475A32A61E48100A4E23D /* ComicModel+DomainMapper.swift in Sources */,
				09B074EA2AA232B500A46775 /* FavoritesDataSource.swift in Sources */,
				09E4D7592A59B7A100716470 /* ViewModel.swift in Sources */,
				0990B0762A5571FC00CB8CF5 /* SwiftyMarvelApp.swift in Sources */,
				090475A52A61E51500A4E23D /* ComicsRequest.swift in Sources */,
				090475A72A61E67700A4E23D /* ComicsDataSource.swift in Sources */,
				09E4D7462A599DEF00716470 /* CharactersRequest.swift in Sources */,
				09B074E42AA22E4D00A46775 /* ThumbnailModel.swift in Sources */,
				09E4D73E2A5999A500716470 /* String+MD5.swift in Sources */,
				091BF2672AA3A6D900B783F1 /* FavoritesViewModel.swift in Sources */,
				097AFE1A2A61EF11002B94F6 /* ComicItemView.swift in Sources */,
				09F6A3A62A6AAEEA00317A19 /* Logger.swift in Sources */,
				09E4D7342A5996C400716470 /* NetworkError.swift in Sources */,
				09E4D7432A599BF600716470 /* RequestType.swift in Sources */,
				09E4D7642A59C0C400716470 /* View+CornerRadius.swift in Sources */,
			);
			runOnlyForDeploymentPostprocessing = 0;
		};
		0990B07E2A5571FD00CB8CF5 /* Sources */ = {
			isa = PBXSourcesBuildPhase;
			buildActionMask = 2147483647;
			files = (
				092E58BF2A651337005AC237 /* CharacterProfileViewModelTests.swift in Sources */,
				091BF2692AA3D02A00B783F1 /* DefaultFavoritesRepositoryTests.swift in Sources */,
				09E4D7742A59F84500716470 /* HomeViewModelTests.swift in Sources */,
				097AFE222A61FC9B002B94F6 /* DefaultCharactersRepositoryTests.swift in Sources */,
				097AFE1F2A61F961002B94F6 /* GetCharactersUCTests.swift in Sources */,
				4092B13146100BC6968200AB /* SwiftyMarvelTests-SwiftyMarvelMocks.generated.swift in Sources */,
			);
			runOnlyForDeploymentPostprocessing = 0;
		};
/* End PBXSourcesBuildPhase section */

/* Begin PBXTargetDependency section */
		094F3A442A5EB0E90060E930 /* PBXTargetDependency */ = {
			isa = PBXTargetDependency;
			productRef = 094F3A432A5EB0E90060E930 /* Mockingbird */;
		};
/* End PBXTargetDependency section */

/* Begin PBXVariantGroup section */
		0929177B2A6BE7FE00E3FEE5 /* Localizable.strings */ = {
			isa = PBXVariantGroup;
			children = (
				0929177A2A6BE7FE00E3FEE5 /* en */,
			);
			name = Localizable.strings;
			sourceTree = "<group>";
		};
/* End PBXVariantGroup section */

/* Begin XCBuildConfiguration section */
		0990B0942A5571FD00CB8CF5 /* Debug */ = {
			isa = XCBuildConfiguration;
			buildSettings = {
				ALWAYS_SEARCH_USER_PATHS = NO;
				CLANG_ANALYZER_NONNULL = YES;
				CLANG_ANALYZER_NUMBER_OBJECT_CONVERSION = YES_AGGRESSIVE;
				CLANG_CXX_LANGUAGE_STANDARD = "gnu++20";
				CLANG_ENABLE_MODULES = YES;
				CLANG_ENABLE_OBJC_ARC = YES;
				CLANG_ENABLE_OBJC_WEAK = YES;
				CLANG_WARN_BLOCK_CAPTURE_AUTORELEASING = YES;
				CLANG_WARN_BOOL_CONVERSION = YES;
				CLANG_WARN_COMMA = YES;
				CLANG_WARN_CONSTANT_CONVERSION = YES;
				CLANG_WARN_DEPRECATED_OBJC_IMPLEMENTATIONS = YES;
				CLANG_WARN_DIRECT_OBJC_ISA_USAGE = YES_ERROR;
				CLANG_WARN_DOCUMENTATION_COMMENTS = YES;
				CLANG_WARN_EMPTY_BODY = YES;
				CLANG_WARN_ENUM_CONVERSION = YES;
				CLANG_WARN_INFINITE_RECURSION = YES;
				CLANG_WARN_INT_CONVERSION = YES;
				CLANG_WARN_NON_LITERAL_NULL_CONVERSION = YES;
				CLANG_WARN_OBJC_IMPLICIT_RETAIN_SELF = YES;
				CLANG_WARN_OBJC_LITERAL_CONVERSION = YES;
				CLANG_WARN_OBJC_ROOT_CLASS = YES_ERROR;
				CLANG_WARN_QUOTED_INCLUDE_IN_FRAMEWORK_HEADER = YES;
				CLANG_WARN_RANGE_LOOP_ANALYSIS = YES;
				CLANG_WARN_STRICT_PROTOTYPES = YES;
				CLANG_WARN_SUSPICIOUS_MOVE = YES;
				CLANG_WARN_UNGUARDED_AVAILABILITY = YES_AGGRESSIVE;
				CLANG_WARN_UNREACHABLE_CODE = YES;
				CLANG_WARN__DUPLICATE_METHOD_MATCH = YES;
				COPY_PHASE_STRIP = NO;
				DEBUG_INFORMATION_FORMAT = dwarf;
				ENABLE_STRICT_OBJC_MSGSEND = YES;
				ENABLE_TESTABILITY = YES;
				GCC_C_LANGUAGE_STANDARD = gnu11;
				GCC_DYNAMIC_NO_PIC = NO;
				GCC_NO_COMMON_BLOCKS = YES;
				GCC_OPTIMIZATION_LEVEL = 0;
				GCC_PREPROCESSOR_DEFINITIONS = (
					"DEBUG=1",
					"$(inherited)",
				);
				GCC_WARN_64_TO_32_BIT_CONVERSION = YES;
				GCC_WARN_ABOUT_RETURN_TYPE = YES_ERROR;
				GCC_WARN_UNDECLARED_SELECTOR = YES;
				GCC_WARN_UNINITIALIZED_AUTOS = YES_AGGRESSIVE;
				GCC_WARN_UNUSED_FUNCTION = YES;
				GCC_WARN_UNUSED_VARIABLE = YES;
				IPHONEOS_DEPLOYMENT_TARGET = 16.2;
				MTL_ENABLE_DEBUG_INFO = INCLUDE_SOURCE;
				MTL_FAST_MATH = YES;
				ONLY_ACTIVE_ARCH = YES;
				SDKROOT = iphoneos;
				SWIFT_ACTIVE_COMPILATION_CONDITIONS = DEBUG;
				SWIFT_EMIT_LOC_STRINGS = YES;
				SWIFT_OPTIMIZATION_LEVEL = "-Onone";
			};
			name = Debug;
		};
		0990B0952A5571FD00CB8CF5 /* Release */ = {
			isa = XCBuildConfiguration;
			buildSettings = {
				ALWAYS_SEARCH_USER_PATHS = NO;
				CLANG_ANALYZER_NONNULL = YES;
				CLANG_ANALYZER_NUMBER_OBJECT_CONVERSION = YES_AGGRESSIVE;
				CLANG_CXX_LANGUAGE_STANDARD = "gnu++20";
				CLANG_ENABLE_MODULES = YES;
				CLANG_ENABLE_OBJC_ARC = YES;
				CLANG_ENABLE_OBJC_WEAK = YES;
				CLANG_WARN_BLOCK_CAPTURE_AUTORELEASING = YES;
				CLANG_WARN_BOOL_CONVERSION = YES;
				CLANG_WARN_COMMA = YES;
				CLANG_WARN_CONSTANT_CONVERSION = YES;
				CLANG_WARN_DEPRECATED_OBJC_IMPLEMENTATIONS = YES;
				CLANG_WARN_DIRECT_OBJC_ISA_USAGE = YES_ERROR;
				CLANG_WARN_DOCUMENTATION_COMMENTS = YES;
				CLANG_WARN_EMPTY_BODY = YES;
				CLANG_WARN_ENUM_CONVERSION = YES;
				CLANG_WARN_INFINITE_RECURSION = YES;
				CLANG_WARN_INT_CONVERSION = YES;
				CLANG_WARN_NON_LITERAL_NULL_CONVERSION = YES;
				CLANG_WARN_OBJC_IMPLICIT_RETAIN_SELF = YES;
				CLANG_WARN_OBJC_LITERAL_CONVERSION = YES;
				CLANG_WARN_OBJC_ROOT_CLASS = YES_ERROR;
				CLANG_WARN_QUOTED_INCLUDE_IN_FRAMEWORK_HEADER = YES;
				CLANG_WARN_RANGE_LOOP_ANALYSIS = YES;
				CLANG_WARN_STRICT_PROTOTYPES = YES;
				CLANG_WARN_SUSPICIOUS_MOVE = YES;
				CLANG_WARN_UNGUARDED_AVAILABILITY = YES_AGGRESSIVE;
				CLANG_WARN_UNREACHABLE_CODE = YES;
				CLANG_WARN__DUPLICATE_METHOD_MATCH = YES;
				COPY_PHASE_STRIP = NO;
				DEBUG_INFORMATION_FORMAT = "dwarf-with-dsym";
				ENABLE_NS_ASSERTIONS = NO;
				ENABLE_STRICT_OBJC_MSGSEND = YES;
				GCC_C_LANGUAGE_STANDARD = gnu11;
				GCC_NO_COMMON_BLOCKS = YES;
				GCC_WARN_64_TO_32_BIT_CONVERSION = YES;
				GCC_WARN_ABOUT_RETURN_TYPE = YES_ERROR;
				GCC_WARN_UNDECLARED_SELECTOR = YES;
				GCC_WARN_UNINITIALIZED_AUTOS = YES_AGGRESSIVE;
				GCC_WARN_UNUSED_FUNCTION = YES;
				GCC_WARN_UNUSED_VARIABLE = YES;
				IPHONEOS_DEPLOYMENT_TARGET = 16.2;
				MTL_ENABLE_DEBUG_INFO = NO;
				MTL_FAST_MATH = YES;
				SDKROOT = iphoneos;
				SWIFT_COMPILATION_MODE = wholemodule;
				SWIFT_EMIT_LOC_STRINGS = YES;
				SWIFT_OPTIMIZATION_LEVEL = "-O";
				VALIDATE_PRODUCT = YES;
			};
			name = Release;
		};
		0990B0972A5571FD00CB8CF5 /* Debug */ = {
			isa = XCBuildConfiguration;
			buildSettings = {
				ASSETCATALOG_COMPILER_APPICON_NAME = AppIcon;
				ASSETCATALOG_COMPILER_GLOBAL_ACCENT_COLOR_NAME = AccentColor;
				CODE_SIGN_STYLE = Automatic;
				CURRENT_PROJECT_VERSION = 1;
				DEVELOPMENT_ASSET_PATHS = "\"SwiftyMarvel/Preview Content\"";
				DEVELOPMENT_TEAM = C2QWF96237;
				ENABLE_PREVIEWS = YES;
				GENERATE_INFOPLIST_FILE = YES;
				INFOPLIST_FILE = SwiftyMarvel/Info.plist;
				INFOPLIST_KEY_UIApplicationSceneManifest_Generation = YES;
				INFOPLIST_KEY_UIApplicationSupportsIndirectInputEvents = YES;
				INFOPLIST_KEY_UILaunchStoryboardName = "Launch Screen.storyboard";
				INFOPLIST_KEY_UISupportedInterfaceOrientations_iPad = "UIInterfaceOrientationPortrait UIInterfaceOrientationPortraitUpsideDown UIInterfaceOrientationLandscapeLeft UIInterfaceOrientationLandscapeRight";
				INFOPLIST_KEY_UISupportedInterfaceOrientations_iPhone = "UIInterfaceOrientationPortrait UIInterfaceOrientationLandscapeLeft UIInterfaceOrientationLandscapeRight";
				IPHONEOS_DEPLOYMENT_TARGET = 16.2;
				LD_RUNPATH_SEARCH_PATHS = (
					"$(inherited)",
					"@executable_path/Frameworks",
				);
				MARKETING_VERSION = 1.0;
				PRODUCT_BUNDLE_IDENTIFIER = io.github.mohanedy98.SwiftyMarvel;
				PRODUCT_NAME = "$(TARGET_NAME)";
				SWIFT_EMIT_LOC_STRINGS = YES;
				SWIFT_VERSION = 5.0;
				TARGETED_DEVICE_FAMILY = "1,2";
			};
			name = Debug;
		};
		0990B0982A5571FD00CB8CF5 /* Release */ = {
			isa = XCBuildConfiguration;
			buildSettings = {
				ASSETCATALOG_COMPILER_APPICON_NAME = AppIcon;
				ASSETCATALOG_COMPILER_GLOBAL_ACCENT_COLOR_NAME = AccentColor;
				CODE_SIGN_STYLE = Automatic;
				CURRENT_PROJECT_VERSION = 1;
				DEVELOPMENT_ASSET_PATHS = "\"SwiftyMarvel/Preview Content\"";
				DEVELOPMENT_TEAM = C2QWF96237;
				ENABLE_PREVIEWS = YES;
				GENERATE_INFOPLIST_FILE = YES;
				INFOPLIST_FILE = SwiftyMarvel/Info.plist;
				INFOPLIST_KEY_UIApplicationSceneManifest_Generation = YES;
				INFOPLIST_KEY_UIApplicationSupportsIndirectInputEvents = YES;
				INFOPLIST_KEY_UILaunchStoryboardName = "Launch Screen.storyboard";
				INFOPLIST_KEY_UISupportedInterfaceOrientations_iPad = "UIInterfaceOrientationPortrait UIInterfaceOrientationPortraitUpsideDown UIInterfaceOrientationLandscapeLeft UIInterfaceOrientationLandscapeRight";
				INFOPLIST_KEY_UISupportedInterfaceOrientations_iPhone = "UIInterfaceOrientationPortrait UIInterfaceOrientationLandscapeLeft UIInterfaceOrientationLandscapeRight";
				IPHONEOS_DEPLOYMENT_TARGET = 16.2;
				LD_RUNPATH_SEARCH_PATHS = (
					"$(inherited)",
					"@executable_path/Frameworks",
				);
				MARKETING_VERSION = 1.0;
				PRODUCT_BUNDLE_IDENTIFIER = io.github.mohanedy98.SwiftyMarvel;
				PRODUCT_NAME = "$(TARGET_NAME)";
				SWIFT_EMIT_LOC_STRINGS = YES;
				SWIFT_VERSION = 5.0;
				TARGETED_DEVICE_FAMILY = "1,2";
			};
			name = Release;
		};
		0990B09A2A5571FD00CB8CF5 /* Debug */ = {
			isa = XCBuildConfiguration;
			buildSettings = {
				ALWAYS_EMBED_SWIFT_STANDARD_LIBRARIES = YES;
				BUNDLE_LOADER = "$(TEST_HOST)";
				CODE_SIGN_STYLE = Automatic;
				CURRENT_PROJECT_VERSION = 1;
				DEVELOPMENT_TEAM = C2QWF96237;
				GENERATE_INFOPLIST_FILE = YES;
				IPHONEOS_DEPLOYMENT_TARGET = 16.2;
				MARKETING_VERSION = 1.0;
				PRODUCT_BUNDLE_IDENTIFIER = io.github.mohanedy98.SwiftyMarvelTests;
				PRODUCT_NAME = "$(TARGET_NAME)";
				SWIFT_EMIT_LOC_STRINGS = NO;
				SWIFT_VERSION = 5.0;
				TARGETED_DEVICE_FAMILY = "1,2";
				TEST_HOST = "$(BUILT_PRODUCTS_DIR)/SwiftyMarvel.app/$(BUNDLE_EXECUTABLE_FOLDER_PATH)/SwiftyMarvel";
			};
			name = Debug;
		};
		0990B09B2A5571FD00CB8CF5 /* Release */ = {
			isa = XCBuildConfiguration;
			buildSettings = {
				ALWAYS_EMBED_SWIFT_STANDARD_LIBRARIES = YES;
				BUNDLE_LOADER = "$(TEST_HOST)";
				CODE_SIGN_STYLE = Automatic;
				CURRENT_PROJECT_VERSION = 1;
				DEVELOPMENT_TEAM = C2QWF96237;
				GENERATE_INFOPLIST_FILE = YES;
				IPHONEOS_DEPLOYMENT_TARGET = 16.2;
				MARKETING_VERSION = 1.0;
				PRODUCT_BUNDLE_IDENTIFIER = io.github.mohanedy98.SwiftyMarvelTests;
				PRODUCT_NAME = "$(TARGET_NAME)";
				SWIFT_EMIT_LOC_STRINGS = NO;
				SWIFT_VERSION = 5.0;
				TARGETED_DEVICE_FAMILY = "1,2";
				TEST_HOST = "$(BUILT_PRODUCTS_DIR)/SwiftyMarvel.app/$(BUNDLE_EXECUTABLE_FOLDER_PATH)/SwiftyMarvel";
			};
			name = Release;
		};
/* End XCBuildConfiguration section */

/* Begin XCConfigurationList section */
		0990B06D2A5571FC00CB8CF5 /* Build configuration list for PBXProject "SwiftyMarvel" */ = {
			isa = XCConfigurationList;
			buildConfigurations = (
				0990B0942A5571FD00CB8CF5 /* Debug */,
				0990B0952A5571FD00CB8CF5 /* Release */,
			);
			defaultConfigurationIsVisible = 0;
			defaultConfigurationName = Release;
		};
		0990B0962A5571FD00CB8CF5 /* Build configuration list for PBXNativeTarget "SwiftyMarvel" */ = {
			isa = XCConfigurationList;
			buildConfigurations = (
				0990B0972A5571FD00CB8CF5 /* Debug */,
				0990B0982A5571FD00CB8CF5 /* Release */,
			);
			defaultConfigurationIsVisible = 0;
			defaultConfigurationName = Release;
		};
		0990B0992A5571FD00CB8CF5 /* Build configuration list for PBXNativeTarget "SwiftyMarvelTests" */ = {
			isa = XCConfigurationList;
			buildConfigurations = (
				0990B09A2A5571FD00CB8CF5 /* Debug */,
				0990B09B2A5571FD00CB8CF5 /* Release */,
			);
			defaultConfigurationIsVisible = 0;
			defaultConfigurationName = Release;
		};
/* End XCConfigurationList section */

/* Begin XCRemoteSwiftPackageReference section */
		091A01EB2A5EAF0A0089E440 /* XCRemoteSwiftPackageReference "mockingbird" */ = {
			isa = XCRemoteSwiftPackageReference;
			repositoryURL = "https://github.com/birdrides/mockingbird";
			requirement = {
				kind = upToNextMinorVersion;
				minimumVersion = 0.20.0;
			};
		};
		0937EBA52A5EB65C006A78FC /* XCRemoteSwiftPackageReference "mockingbird" */ = {
			isa = XCRemoteSwiftPackageReference;
			repositoryURL = "https://github.com/birdrides/mockingbird";
			requirement = {
				kind = upToNextMinorVersion;
				minimumVersion = 0.20.0;
			};
		};
		095948832A58A3C500C91E83 /* XCRemoteSwiftPackageReference "Swinject" */ = {
			isa = XCRemoteSwiftPackageReference;
			repositoryURL = "https://github.com/Swinject/Swinject";
			requirement = {
				kind = upToNextMajorVersion;
				minimumVersion = 2.8.0;
			};
		};
		099A6EC52A65C5250025178F /* XCRemoteSwiftPackageReference "Nuke" */ = {
			isa = XCRemoteSwiftPackageReference;
			repositoryURL = "https://github.com/kean/Nuke";
			requirement = {
				kind = upToNextMinorVersion;
				minimumVersion = 12.0.0;
			};
		};
		09E4D73F2A599AA300716470 /* XCRemoteSwiftPackageReference "CryptoSwift" */ = {
			isa = XCRemoteSwiftPackageReference;
			repositoryURL = "https://github.com/krzyzanowskim/CryptoSwift";
			requirement = {
				kind = upToNextMajorVersion;
				minimumVersion = 1.7.2;
			};
		};
/* End XCRemoteSwiftPackageReference section */

/* Begin XCSwiftPackageProductDependency section */
		0937EBA62A5EB65C006A78FC /* Mockingbird */ = {
			isa = XCSwiftPackageProductDependency;
			package = 0937EBA52A5EB65C006A78FC /* XCRemoteSwiftPackageReference "mockingbird" */;
			productName = Mockingbird;
		};
		094F3A432A5EB0E90060E930 /* Mockingbird */ = {
			isa = XCSwiftPackageProductDependency;
			package = 091A01EB2A5EAF0A0089E440 /* XCRemoteSwiftPackageReference "mockingbird" */;
			productName = Mockingbird;
		};
		095948842A58A3C500C91E83 /* Swinject */ = {
			isa = XCSwiftPackageProductDependency;
			package = 095948832A58A3C500C91E83 /* XCRemoteSwiftPackageReference "Swinject" */;
			productName = Swinject;
		};
		099A6EC62A65C5250025178F /* NukeUI */ = {
			isa = XCSwiftPackageProductDependency;
			package = 099A6EC52A65C5250025178F /* XCRemoteSwiftPackageReference "Nuke" */;
			productName = NukeUI;
		};
		09E4D72A2A59891900716470 /* ArkanaKeys */ = {
			isa = XCSwiftPackageProductDependency;
			productName = ArkanaKeys;
		};
		09E4D7402A599AA300716470 /* CryptoSwift */ = {
			isa = XCSwiftPackageProductDependency;
			package = 09E4D73F2A599AA300716470 /* XCRemoteSwiftPackageReference "CryptoSwift" */;
			productName = CryptoSwift;
		};
/* End XCSwiftPackageProductDependency section */

/* Begin XCVersionGroup section */
		091BF24A2AA33DA800B783F1 /* SwiftyMarvel.xcdatamodeld */ = {
			isa = XCVersionGroup;
			children = (
				091BF24B2AA33DA800B783F1 /* SwiftyMarvel.xcdatamodel */,
			);
			currentVersion = 091BF24B2AA33DA800B783F1 /* SwiftyMarvel.xcdatamodel */;
			path = SwiftyMarvel.xcdatamodeld;
			sourceTree = "<group>";
			versionGroupType = wrapper.xcdatamodel;
		};
/* End XCVersionGroup section */
	};
	rootObject = 0990B06A2A5571FC00CB8CF5 /* Project object */;
}
